
Microsoft Visual Studio Solution File, Format Version 12.00
# Visual Studio 15
VisualStudioVersion = 15.0.26730.16
MinimumVisualStudioVersion = 10.0.40219.1
Project("{FAE04EC0-301F-11D3-BF4B-00C04F79EFBC}") = "Project_Monopoly", "Project_Monopoly\Project_Monopoly.csproj", "{B4961BF6-0103-49C9-8E12-5AB3737879A8}"
EndProject
Project("{FAE04EC0-301F-11D3-BF4B-00C04F79EFBC}") = "Monopoly_Model", "Monopoly_Model\Monopoly_Model.csproj", "{F017D82F-92A2-4999-B961-0FCE74256126}"
EndProject
Project("{FAE04EC0-301F-11D3-BF4B-00C04F79EFBC}") = "Monopoly_DAL", "Monopoly_DAL\Monopoly_DAL.csproj", "{D419A59D-A594-4789-B151-6C32182D838E}"
EndProject
Global
	GlobalSection(SolutionConfigurationPlatforms) = preSolution
		Debug|Any CPU = Debug|Any CPU
		Release|Any CPU = Release|Any CPU
	EndGlobalSection
	GlobalSection(ProjectConfigurationPlatforms) = postSolution
		{B4961BF6-0103-49C9-8E12-5AB3737879A8}.Debug|Any CPU.ActiveCfg = Debug|Any CPU
		{B4961BF6-0103-49C9-8E12-5AB3737879A8}.Debug|Any CPU.Build.0 = Debug|Any CPU
		{B4961BF6-0103-49C9-8E12-5AB3737879A8}.Release|Any CPU.ActiveCfg = Release|Any CPU
		{B4961BF6-0103-49C9-8E12-5AB3737879A8}.Release|Any CPU.Build.0 = Release|Any CPU
		{F017D82F-92A2-4999-B961-0FCE74256126}.Debug|Any CPU.ActiveCfg = Debug|Any CPU
		{F017D82F-92A2-4999-B961-0FCE74256126}.Debug|Any CPU.Build.0 = Debug|Any CPU
		{F017D82F-92A2-4999-B961-0FCE74256126}.Release|Any CPU.ActiveCfg = Release|Any CPU
		{F017D82F-92A2-4999-B961-0FCE74256126}.Release|Any CPU.Build.0 = Release|Any CPU
		{D419A59D-A594-4789-B151-6C32182D838E}.Debug|Any CPU.ActiveCfg = Debug|Any CPU
		{D419A59D-A594-4789-B151-6C32182D838E}.Debug|Any CPU.Build.0 = Debug|Any CPU
		{D419A59D-A594-4789-B151-6C32182D838E}.Release|Any CPU.ActiveCfg = Release|Any CPU
		{D419A59D-A594-4789-B151-6C32182D838E}.Release|Any CPU.Build.0 = Release|Any CPU
	EndGlobalSection
	GlobalSection(SolutionProperties) = preSolution
		HideSolutionNode = FALSE
	EndGlobalSection
	GlobalSection(ExtensibilityGlobals) = postSolution
		SolutionGuid = {0AAA444A-2942-4729-9D62-862117D5490B}
	EndGlobalSection
EndGlobal
